
Microsoft Visual Studio Solution File, Format Version 12.00
# Visual Studio 14
VisualStudioVersion = 14.0.25420.1
MinimumVisualStudioVersion = 10.0.40219.1
Project("{FAE04EC0-301F-11D3-BF4B-00C04F79EFBC}") = "01.Phonebook", "01.Phonebook\01.Phonebook.csproj", "{5BE87818-3E55-4F01-8A6E-4606ACD7FCA6}"
EndProject
Project("{FAE04EC0-301F-11D3-BF4B-00C04F79EFBC}") = "02.PhonebookUpgrade", "02.PhonebookUpgrade\02.PhonebookUpgrade.csproj", "{F3AF469C-2F84-4E5D-A90C-7973428B00BA}"
EndProject
Project("{FAE04EC0-301F-11D3-BF4B-00C04F79EFBC}") = "04.FixEmails", "04.FixEmails\04.FixEmails.csproj", "{D5864E3C-DC2B-4802-9A58-1502FC0B14AC}"
EndProject
Project("{FAE04EC0-301F-11D3-BF4B-00C04F79EFBC}") = "05.HandsOfCards", "05.HandsOfCards\05.HandsOfCards.csproj", "{14D26B3B-9A33-4F84-954E-16DDB5142D28}"
EndProject
Project("{FAE04EC0-301F-11D3-BF4B-00C04F79EFBC}") = "06.UserLogs", "06.UserLogs\06.UserLogs.csproj", "{D44814D1-D607-43B9-A951-3D7BFFBDBB55}"
EndProject
Project("{FAE04EC0-301F-11D3-BF4B-00C04F79EFBC}") = "07.PopulationCounter", "07.PopulationCounter\07.PopulationCounter.csproj", "{9660BFB6-6AF2-42C2-9E97-A4CECA3A80DF}"
EndProject
Project("{FAE04EC0-301F-11D3-BF4B-00C04F79EFBC}") = "08.LogsAggregator", "08.LogsAggregator\08.LogsAggregator.csproj", "{C2F153B6-2DDD-4468-951F-E250AEF001CE}"
EndProject
Project("{FAE04EC0-301F-11D3-BF4B-00C04F79EFBC}") = "09.LegendaryFarming", "09.LegendaryFarming\09.LegendaryFarming.csproj", "{31B6ADF5-FF97-4B66-B20E-C4A2FC940054}"
EndProject
Project("{FAE04EC0-301F-11D3-BF4B-00C04F79EFBC}") = "10.SrubskoUnleashed", "10.SrubskoUnleashed\10.SrubskoUnleashed.csproj", "{AE869E2A-3815-451E-8032-2685D4CE8421}"
EndProject
Project("{FAE04EC0-301F-11D3-BF4B-00C04F79EFBC}") = "11.DragonArmy", "11.DragonArmy\11.DragonArmy.csproj", "{4B8445D5-F71E-4C46-88B0-D365D15458B0}"
EndProject
Project("{FAE04EC0-301F-11D3-BF4B-00C04F79EFBC}") = "Lab_01.CountRealNumbers", "Lab_01.CountRealNumbers\Lab_01.CountRealNumbers.csproj", "{0DC6869D-5AC1-407C-82E3-A79BDDE04B66}"
EndProject
Project("{FAE04EC0-301F-11D3-BF4B-00C04F79EFBC}") = "Lab_02.OddOccurrences", "Lab_02.OddOccurrences\Lab_02.OddOccurrences.csproj", "{E816B671-EE1C-439B-B69B-2DD313CDC74B}"
EndProject
Project("{FAE04EC0-301F-11D3-BF4B-00C04F79EFBC}") = "Lab_03.Sum_Min_Max_Average", "Lab_03.Sum_Min_Max_Average\Lab_03.Sum_Min_Max_Average.csproj", "{B1B9F7E7-9264-4596-95C0-9A2552AB7F3E}"
EndProject
Project("{FAE04EC0-301F-11D3-BF4B-00C04F79EFBC}") = "Lab_04.Largest3Numbers", "Lab_04.Largest3Numbers\Lab_04.Largest3Numbers.csproj", "{4E709FCE-0587-45B2-9F5D-B032563C18D6}"
EndProject
Project("{FAE04EC0-301F-11D3-BF4B-00C04F79EFBC}") = "Lab_05.ShortWordsSorted", "Lab_05.ShortWordsSorted\Lab_05.ShortWordsSorted.csproj", "{95D46211-4D0C-484F-ACB2-236091EAE740}"
EndProject
Project("{FAE04EC0-301F-11D3-BF4B-00C04F79EFBC}") = "Lab_06.FoldAndSum", "Lab_06.FoldAndSum\Lab_06.FoldAndSum.csproj", "{0CE61A80-BF3F-48E0-B265-DF5D14154A00}"
EndProject
Project("{FAE04EC0-301F-11D3-BF4B-00C04F79EFBC}") = "03.AMinerTask", "03.AMinerTask\03.AMinerTask.csproj", "{78D927A3-9663-41B5-9FC8-B56F0E8D81C2}"
EndProject
Global
	GlobalSection(SolutionConfigurationPlatforms) = preSolution
		Debug|Any CPU = Debug|Any CPU
		Release|Any CPU = Release|Any CPU
	EndGlobalSection
	GlobalSection(ProjectConfigurationPlatforms) = postSolution
		{5BE87818-3E55-4F01-8A6E-4606ACD7FCA6}.Debug|Any CPU.ActiveCfg = Debug|Any CPU
		{5BE87818-3E55-4F01-8A6E-4606ACD7FCA6}.Debug|Any CPU.Build.0 = Debug|Any CPU
		{5BE87818-3E55-4F01-8A6E-4606ACD7FCA6}.Release|Any CPU.ActiveCfg = Release|Any CPU
		{5BE87818-3E55-4F01-8A6E-4606ACD7FCA6}.Release|Any CPU.Build.0 = Release|Any CPU
		{F3AF469C-2F84-4E5D-A90C-7973428B00BA}.Debug|Any CPU.ActiveCfg = Debug|Any CPU
		{F3AF469C-2F84-4E5D-A90C-7973428B00BA}.Debug|Any CPU.Build.0 = Debug|Any CPU
		{F3AF469C-2F84-4E5D-A90C-7973428B00BA}.Release|Any CPU.ActiveCfg = Release|Any CPU
		{F3AF469C-2F84-4E5D-A90C-7973428B00BA}.Release|Any CPU.Build.0 = Release|Any CPU
		{D5864E3C-DC2B-4802-9A58-1502FC0B14AC}.Debug|Any CPU.ActiveCfg = Debug|Any CPU
		{D5864E3C-DC2B-4802-9A58-1502FC0B14AC}.Debug|Any CPU.Build.0 = Debug|Any CPU
		{D5864E3C-DC2B-4802-9A58-1502FC0B14AC}.Release|Any CPU.ActiveCfg = Release|Any CPU
		{D5864E3C-DC2B-4802-9A58-1502FC0B14AC}.Release|Any CPU.Build.0 = Release|Any CPU
		{14D26B3B-9A33-4F84-954E-16DDB5142D28}.Debug|Any CPU.ActiveCfg = Debug|Any CPU
		{14D26B3B-9A33-4F84-954E-16DDB5142D28}.Debug|Any CPU.Build.0 = Debug|Any CPU
		{14D26B3B-9A33-4F84-954E-16DDB5142D28}.Release|Any CPU.ActiveCfg = Release|Any CPU
		{14D26B3B-9A33-4F84-954E-16DDB5142D28}.Release|Any CPU.Build.0 = Release|Any CPU
		{D44814D1-D607-43B9-A951-3D7BFFBDBB55}.Debug|Any CPU.ActiveCfg = Debug|Any CPU
		{D44814D1-D607-43B9-A951-3D7BFFBDBB55}.Debug|Any CPU.Build.0 = Debug|Any CPU
		{D44814D1-D607-43B9-A951-3D7BFFBDBB55}.Release|Any CPU.ActiveCfg = Release|Any CPU
		{D44814D1-D607-43B9-A951-3D7BFFBDBB55}.Release|Any CPU.Build.0 = Release|Any CPU
		{9660BFB6-6AF2-42C2-9E97-A4CECA3A80DF}.Debug|Any CPU.ActiveCfg = Debug|Any CPU
		{9660BFB6-6AF2-42C2-9E97-A4CECA3A80DF}.Debug|Any CPU.Build.0 = Debug|Any CPU
		{9660BFB6-6AF2-42C2-9E97-A4CECA3A80DF}.Release|Any CPU.ActiveCfg = Release|Any CPU
		{9660BFB6-6AF2-42C2-9E97-A4CECA3A80DF}.Release|Any CPU.Build.0 = Release|Any CPU
		{C2F153B6-2DDD-4468-951F-E250AEF001CE}.Debug|Any CPU.ActiveCfg = Debug|Any CPU
		{C2F153B6-2DDD-4468-951F-E250AEF001CE}.Debug|Any CPU.Build.0 = Debug|Any CPU
		{C2F153B6-2DDD-4468-951F-E250AEF001CE}.Release|Any CPU.ActiveCfg = Release|Any CPU
		{C2F153B6-2DDD-4468-951F-E250AEF001CE}.Release|Any CPU.Build.0 = Release|Any CPU
		{31B6ADF5-FF97-4B66-B20E-C4A2FC940054}.Debug|Any CPU.ActiveCfg = Debug|Any CPU
		{31B6ADF5-FF97-4B66-B20E-C4A2FC940054}.Debug|Any CPU.Build.0 = Debug|Any CPU
		{31B6ADF5-FF97-4B66-B20E-C4A2FC940054}.Release|Any CPU.ActiveCfg = Release|Any CPU
		{31B6ADF5-FF97-4B66-B20E-C4A2FC940054}.Release|Any CPU.Build.0 = Release|Any CPU
		{AE869E2A-3815-451E-8032-2685D4CE8421}.Debug|Any CPU.ActiveCfg = Debug|Any CPU
		{AE869E2A-3815-451E-8032-2685D4CE8421}.Debug|Any CPU.Build.0 = Debug|Any CPU
		{AE869E2A-3815-451E-8032-2685D4CE8421}.Release|Any CPU.ActiveCfg = Release|Any CPU
		{AE869E2A-3815-451E-8032-2685D4CE8421}.Release|Any CPU.Build.0 = Release|Any CPU
		{4B8445D5-F71E-4C46-88B0-D365D15458B0}.Debug|Any CPU.ActiveCfg = Debug|Any CPU
		{4B8445D5-F71E-4C46-88B0-D365D15458B0}.Debug|Any CPU.Build.0 = Debug|Any CPU
		{4B8445D5-F71E-4C46-88B0-D365D15458B0}.Release|Any CPU.ActiveCfg = Release|Any CPU
		{4B8445D5-F71E-4C46-88B0-D365D15458B0}.Release|Any CPU.Build.0 = Release|Any CPU
		{0DC6869D-5AC1-407C-82E3-A79BDDE04B66}.Debug|Any CPU.ActiveCfg = Debug|Any CPU
		{0DC6869D-5AC1-407C-82E3-A79BDDE04B66}.Debug|Any CPU.Build.0 = Debug|Any CPU
		{0DC6869D-5AC1-407C-82E3-A79BDDE04B66}.Release|Any CPU.ActiveCfg = Release|Any CPU
		{0DC6869D-5AC1-407C-82E3-A79BDDE04B66}.Release|Any CPU.Build.0 = Release|Any CPU
		{E816B671-EE1C-439B-B69B-2DD313CDC74B}.Debug|Any CPU.ActiveCfg = Debug|Any CPU
		{E816B671-EE1C-439B-B69B-2DD313CDC74B}.Debug|Any CPU.Build.0 = Debug|Any CPU
		{E816B671-EE1C-439B-B69B-2DD313CDC74B}.Release|Any CPU.ActiveCfg = Release|Any CPU
		{E816B671-EE1C-439B-B69B-2DD313CDC74B}.Release|Any CPU.Build.0 = Release|Any CPU
		{B1B9F7E7-9264-4596-95C0-9A2552AB7F3E}.Debug|Any CPU.ActiveCfg = Debug|Any CPU
		{B1B9F7E7-9264-4596-95C0-9A2552AB7F3E}.Debug|Any CPU.Build.0 = Debug|Any CPU
		{B1B9F7E7-9264-4596-95C0-9A2552AB7F3E}.Release|Any CPU.ActiveCfg = Release|Any CPU
		{B1B9F7E7-9264-4596-95C0-9A2552AB7F3E}.Release|Any CPU.Build.0 = Release|Any CPU
		{4E709FCE-0587-45B2-9F5D-B032563C18D6}.Debug|Any CPU.ActiveCfg = Debug|Any CPU
		{4E709FCE-0587-45B2-9F5D-B032563C18D6}.Debug|Any CPU.Build.0 = Debug|Any CPU
		{4E709FCE-0587-45B2-9F5D-B032563C18D6}.Release|Any CPU.ActiveCfg = Release|Any CPU
		{4E709FCE-0587-45B2-9F5D-B032563C18D6}.Release|Any CPU.Build.0 = Release|Any CPU
		{95D46211-4D0C-484F-ACB2-236091EAE740}.Debug|Any CPU.ActiveCfg = Debug|Any CPU
		{95D46211-4D0C-484F-ACB2-236091EAE740}.Debug|Any CPU.Build.0 = Debug|Any CPU
		{95D46211-4D0C-484F-ACB2-236091EAE740}.Release|Any CPU.ActiveCfg = Release|Any CPU
		{95D46211-4D0C-484F-ACB2-236091EAE740}.Release|Any CPU.Build.0 = Release|Any CPU
		{0CE61A80-BF3F-48E0-B265-DF5D14154A00}.Debug|Any CPU.ActiveCfg = Debug|Any CPU
		{0CE61A80-BF3F-48E0-B265-DF5D14154A00}.Debug|Any CPU.Build.0 = Debug|Any CPU
		{0CE61A80-BF3F-48E0-B265-DF5D14154A00}.Release|Any CPU.ActiveCfg = Release|Any CPU
		{0CE61A80-BF3F-48E0-B265-DF5D14154A00}.Release|Any CPU.Build.0 = Release|Any CPU
		{78D927A3-9663-41B5-9FC8-B56F0E8D81C2}.Debug|Any CPU.ActiveCfg = Debug|Any CPU
		{78D927A3-9663-41B5-9FC8-B56F0E8D81C2}.Debug|Any CPU.Build.0 = Debug|Any CPU
		{78D927A3-9663-41B5-9FC8-B56F0E8D81C2}.Release|Any CPU.ActiveCfg = Release|Any CPU
		{78D927A3-9663-41B5-9FC8-B56F0E8D81C2}.Release|Any CPU.Build.0 = Release|Any CPU
	EndGlobalSection
	GlobalSection(SolutionProperties) = preSolution
		HideSolutionNode = FALSE
	EndGlobalSection
EndGlobal
