
Microsoft Visual Studio Solution File, Format Version 12.00
# Visual Studio 14
VisualStudioVersion = 14.0.25420.1
MinimumVisualStudioVersion = 10.0.40219.1
Project("{FAE04EC0-301F-11D3-BF4B-00C04F79EFBC}") = "01.Raindrops", "01.Raindrops\01.Raindrops.csproj", "{08F9758A-EE5B-4B7A-9DF7-43BE5EFE63C6}"
EndProject
Project("{FAE04EC0-301F-11D3-BF4B-00C04F79EFBC}") = "02.Rainer", "02.Rainer\02.Rainer.csproj", "{5DF95FC8-9653-4F97-8C91-09AA6CBB4C98}"
EndProject
Project("{FAE04EC0-301F-11D3-BF4B-00C04F79EFBC}") = "03.Raincast", "03.Raincast\03.Raincast.csproj", "{2C035B12-BCB9-416A-BD7A-375CA1866BCD}"
EndProject
Project("{FAE04EC0-301F-11D3-BF4B-00C04F79EFBC}") = "04.RainAir", "04.RainAir\04.RainAir.csproj", "{274E7132-BFC4-4065-8867-AEABDBD33059}"
EndProject
Global
	GlobalSection(SolutionConfigurationPlatforms) = preSolution
		Debug|Any CPU = Debug|Any CPU
		Release|Any CPU = Release|Any CPU
	EndGlobalSection
	GlobalSection(ProjectConfigurationPlatforms) = postSolution
		{08F9758A-EE5B-4B7A-9DF7-43BE5EFE63C6}.Debug|Any CPU.ActiveCfg = Debug|Any CPU
		{08F9758A-EE5B-4B7A-9DF7-43BE5EFE63C6}.Debug|Any CPU.Build.0 = Debug|Any CPU
		{08F9758A-EE5B-4B7A-9DF7-43BE5EFE63C6}.Release|Any CPU.ActiveCfg = Release|Any CPU
		{08F9758A-EE5B-4B7A-9DF7-43BE5EFE63C6}.Release|Any CPU.Build.0 = Release|Any CPU
		{5DF95FC8-9653-4F97-8C91-09AA6CBB4C98}.Debug|Any CPU.ActiveCfg = Debug|Any CPU
		{5DF95FC8-9653-4F97-8C91-09AA6CBB4C98}.Debug|Any CPU.Build.0 = Debug|Any CPU
		{5DF95FC8-9653-4F97-8C91-09AA6CBB4C98}.Release|Any CPU.ActiveCfg = Release|Any CPU
		{5DF95FC8-9653-4F97-8C91-09AA6CBB4C98}.Release|Any CPU.Build.0 = Release|Any CPU
		{2C035B12-BCB9-416A-BD7A-375CA1866BCD}.Debug|Any CPU.ActiveCfg = Debug|Any CPU
		{2C035B12-BCB9-416A-BD7A-375CA1866BCD}.Debug|Any CPU.Build.0 = Debug|Any CPU
		{2C035B12-BCB9-416A-BD7A-375CA1866BCD}.Release|Any CPU.ActiveCfg = Release|Any CPU
		{2C035B12-BCB9-416A-BD7A-375CA1866BCD}.Release|Any CPU.Build.0 = Release|Any CPU
		{274E7132-BFC4-4065-8867-AEABDBD33059}.Debug|Any CPU.ActiveCfg = Debug|Any CPU
		{274E7132-BFC4-4065-8867-AEABDBD33059}.Debug|Any CPU.Build.0 = Debug|Any CPU
		{274E7132-BFC4-4065-8867-AEABDBD33059}.Release|Any CPU.ActiveCfg = Release|Any CPU
		{274E7132-BFC4-4065-8867-AEABDBD33059}.Release|Any CPU.Build.0 = Release|Any CPU
	EndGlobalSection
	GlobalSection(SolutionProperties) = preSolution
		HideSolutionNode = FALSE
	EndGlobalSection
EndGlobal
